{
    "_readme": [
        "This file locks the dependencies of your project to a known state",
        "Read more about it at https://getcomposer.org/doc/01-basic-usage.md#composer-lock-the-lock-file",
        "This file is @generated automatically"
    ],
    "content-hash": "e9d1a1ff8be1986d89ce2c7b2b462796",
    "packages": [
        {
            "name": "lahautesociete/cakephp-1.2.12",
            "version": "1.2.12",
            "source": {
                "type": "git",
                "url": "http://gitlab.lahautesociete.int/lahautesociete/cakephp-1.2.12",
                "reference": "3612dbdba799e940357cf71bcb3ad82a09461e7d"
            },
            "dist": {
                "type": "zip",
                "url": "http://packages.lahautesociete.int/dist/lahautesociete/cakephp-1-2-12/lahautesociete-cakephp-1-2-12-1.2.12-b7551a.zip",
                "reference": "3612dbdba799e940357cf71bcb3ad82a09461e7d",
                "shasum": "c05407e104f67f96946ba2d6e42968b5252cebf8"
            },
            "require": {
                "php": ">=4.0"
            },
            "type": "library",
            "description": "CakePHP 1.2.12",
            "time": "2016-11-15T07:00:50+00:00"
        },
        {
            "name": "lahautesociete/gato-libs",
            "version": "1.14.0",
            "source": {
                "type": "git",
                "url": "http://gitlab.lahautesociete.int/lahautesociete/gato-libs",
                "reference": "bcee9a81ada107acda16a5d88cbf5a2188dab397"
            },
            "dist": {
                "type": "zip",
                "url": "http://packages.lahautesociete.int/dist/lahautesociete/gato-libs/lahautesociete-gato-libs-1.14.0-e8931a.zip",
                "reference": "bcee9a81ada107acda16a5d88cbf5a2188dab397",
                "shasum": "0a5db9cc670d759b8a31ce3df40d78a2069d7a5d"
            },
            "require": {
                "lahautesociete/cakephp-1.2.12": "*"
            },
            "type": "library",
            "description": "Gato library for CakePHP 1.2.x",
            "time": "2017-02-20T09:47:22+00:00"
        }
    ],
    "packages-dev": [],
    "aliases": [],
    "minimum-stability": "stable",
    "stability-flags": [],
    "prefer-stable": false,
    "prefer-lowest": false,
    "platform": [],
    "platform-dev": []
}
